PODS:
  - LightningKit.swift (0.1)

DEPENDENCIES:
  - LightningKit.swift (from `../`)

EXTERNAL SOURCES:
  LightningKit.swift:
    :path: "../"

SPEC CHECKSUMS:
  LightningKit.swift: 3d6f4603d0f502a7456c1ecac0d846ff6d0ce5df

PODFILE CHECKSUM: c4c8a3815bac108545769ba035acd9438cb3be88

COCOAPODS: 1.8.4
